
Microsoft Visual Studio Solution File, Format Version 12.00
# Visual Studio 15
VisualStudioVersion = 15.0.28307.271
MinimumVisualStudioVersion = 10.0.40219.1
Project("{FAE04EC0-301F-11D3-BF4B-00C04F79EFBC}") = "WebApiTest", "WebApiTest\WebApiTest.csproj", "{190256FC-CBA7-48ED-8B6C-3BA42A80D29C}"
EndProject
Global
	GlobalSection(SolutionConfigurationPlatforms) = preSolution
		Debug|Any CPU = Debug|Any CPU
		Release|Any CPU = Release|Any CPU
	EndGlobalSection
	GlobalSection(ProjectConfigurationPlatforms) = postSolution
		{190256FC-CBA7-48ED-8B6C-3BA42A80D29C}.Debug|Any CPU.ActiveCfg = Debug|Any CPU
		{190256FC-CBA7-48ED-8B6C-3BA42A80D29C}.Debug|Any CPU.Build.0 = Debug|Any CPU
		{190256FC-CBA7-48ED-8B6C-3BA42A80D29C}.Release|Any CPU.ActiveCfg = Release|Any CPU
		{190256FC-CBA7-48ED-8B6C-3BA42A80D29C}.Release|Any CPU.Build.0 = Release|Any CPU
	EndGlobalSection
	GlobalSection(SolutionProperties) = preSolution
		HideSolutionNode = FALSE
	EndGlobalSection
	GlobalSection(ExtensibilityGlobals) = postSolution
		SolutionGuid = {51EAFAB2-E1DA-44DF-9A8A-63E0D3A86090}
	EndGlobalSection
EndGlobal
